<?xml version="1.0" encoding="UTF-8" standalone="yes" ?>
<CodeBlocks_project_file>
	<FileVersion major="1" minor="6" />
	<Project>
		<Option title="primary c++" />
		<Option pch_mode="2" />
		<Option compiler="gcc" />
		<Build>
			<Target title="default">
				<Option output="wilburCpp" prefix_auto="1" extension_auto="1" />
				<Option type="1" />
				<Option compiler="gcc" />
			</Target>
		</Build>
		<Unit filename="all_lession.cpp" />
		<Unit filename="csp.cpp" />
		<Unit filename="difineNewFunc.cpp" />
		<Unit filename="exercise1.cpp" />
		<Unit filename="nuit31.cpp" />
		<Unit filename="unit10.cpp" />
		<Unit filename="unit100.cpp" />
		<Unit filename="unit1000.cpp" />
		<Unit filename="unit11.cpp" />
		<Unit filename="unit12.cpp" />
		<Unit filename="unit13_14.cpp" />
		<Unit filename="unit15.cpp" />
		<Unit filename="unit16.cpp" />
		<Unit filename="unit17.cpp" />
		<Unit filename="unit18.cpp" />
		<Unit filename="unit19.cpp" />
		<Unit filename="unit2.cpp" />
		<Unit filename="unit20.cpp" />
		<Unit filename="unit22.cpp" />
		<Unit filename="unit23.cpp" />
		<Unit filename="unit24.cpp" />
		<Unit filename="unit26.cpp" />
		<Unit filename="unit27.cpp">
			<Option target="&lt;{~None~}&gt;" />
		</Unit>
		<Unit filename="unit28.cpp" />
		<Unit filename="unit3.cpp" />
		<Unit filename="unit30.cpp" />
		<Unit filename="unit32.cpp" />
		<Unit filename="unit33.cpp" />
		<Unit filename="unit35.cpp" />
		<Unit filename="unit36.cpp" />
		<Unit filename="unit37.cpp" />
		<Unit filename="unit39.cpp" />
		<Unit filename="unit4.cpp" />
		<Unit filename="unit40.cpp" />
		<Unit filename="unit41.cpp" />
		<Unit filename="unit42.cpp" />
		<Unit filename="unit43.cpp" />
		<Unit filename="unit44.cpp" />
		<Unit filename="unit45.cpp" />
		<Unit filename="unit46.cpp" />
		<Unit filename="unit49.cpp" />
		<Unit filename="unit5.cpp" />
		<Unit filename="unit51.cpp" />
		<Unit filename="unit58.cpp" />
		<Unit filename="unit6.cpp" />
		<Unit filename="unit7.cpp" />
		<Unit filename="unit8.cpp" />
		<Unit filename="unit9.cpp" />
		<Extensions />
	</Project>
</CodeBlocks_project_file>
